// !$*UTF8*$!
{
	archiveVersion = 1;
	classes = {
	};
	objectVersion = 50;
	objects = {

/* Begin PBXBuildFile section */
		B535CF91228014CB00B117AF /* AppDelegate.swift in Sources */ = {isa = PBXBuildFile; fileRef = B535CF90228014CB00B117AF /* AppDelegate.swift */; };
		B535CF93228014CB00B117AF /* ViewController.swift in Sources */ = {isa = PBXBuildFile; fileRef = B535CF92228014CB00B117AF /* ViewController.swift */; };
		B535CF96228014CB00B117AF /* Main.storyboard in Resources */ = {isa = PBXBuildFile; fileRef = B535CF94228014CB00B117AF /* Main.storyboard */; };
		B535CF98228014CD00B117AF /* Assets.xcassets in Resources */ = {isa = PBXBuildFile; fileRef = B535CF97228014CD00B117AF /* Assets.xcassets */; };
		B535CF9B228014CD00B117AF /* LaunchScreen.storyboard in Resources */ = {isa = PBXBuildFile; fileRef = B535CF99228014CD00B117AF /* LaunchScreen.storyboard */; };
		B535CFA322801B0E00B117AF /* AudioRecorder.swift in Sources */ = {isa = PBXBuildFile; fileRef = B535CFA222801B0E00B117AF /* AudioRecorder.swift */; };
		B535CFA522801EB000B117AF /* Notifications.swift in Sources */ = {isa = PBXBuildFile; fileRef = B535CFA422801EB000B117AF /* Notifications.swift */; };
/* End PBXBuildFile section */

/* Begin PBXFileReference section */
		B535CF8D228014CB00B117AF /* MutedNotifications.app */ = {isa = PBXFileReference; explicitFileType = wrapper.application; includeInIndex = 0; path = MutedNotifications.app; sourceTree = BUILT_PRODUCTS_DIR; };
		B535CF90228014CB00B117AF /* AppDelegate.swift */ = {isa = PBXFileReference; lastKnownFileType = sourcecode.swift; path = AppDelegate.swift; sourceTree = "<group>"; };
		B535CF92228014CB00B117AF /* ViewController.swift */ = {isa = PBXFileReference; lastKnownFileType = sourcecode.swift; path = ViewController.swift; sourceTree = "<group>"; };
		B535CF95228014CB00B117AF /* Base */ = {isa = PBXFileReference; lastKnownFileType = file.storyboard; name = Base; path = Base.lproj/Main.storyboard; sourceTree = "<group>"; };
		B535CF97228014CD00B117AF /* Assets.xcassets */ = {isa = PBXFileReference; lastKnownFileType = folder.assetcatalog; path = Assets.xcassets; sourceTree = "<group>"; };
		B535CF9A228014CD00B117AF /* Base */ = {isa = PBXFileReference; lastKnownFileType = file.storyboard; name = Base; path = Base.lproj/LaunchScreen.storyboard; sourceTree = "<group>"; };
		B535CF9C228014CD00B117AF /* Info.plist */ = {isa = PBXFileReference; lastKnownFileType = text.plist.xml; path = Info.plist; sourceTree = "<group>"; };
		B535CFA222801B0E00B117AF /* AudioRecorder.swift */ = {isa = PBXFileReference; fileEncoding = 4; lastKnownFileType = sourcecode.swift; path = AudioRecorder.swift; sourceTree = "<group>"; };
		B535CFA422801EB000B117AF /* Notifications.swift */ = {isa = PBXFileReference; fileEncoding = 4; lastKnownFileType = sourcecode.swift; path = Notifications.swift; sourceTree = "<group>"; };
		B535CFA62280215800B117AF /* MutedNotifications.entitlements */ = {isa = PBXFileReference; lastKnownFileType = text.plist.entitlements; path = MutedNotifications.entitlements; sourceTree = "<group>"; };
/* End PBXFileReference section */

/* Begin PBXFrameworksBuildPhase section */
		B535CF8A228014CB00B117AF /* Frameworks */ = {
			isa = PBXFrameworksBuildPhase;
			buildActionMask = 2147483647;
			files = (
			);
			runOnlyForDeploymentPostprocessing = 0;
		};
/* End PBXFrameworksBuildPhase section */

/* Begin PBXGroup section */
		B535CF84228014CB00B117AF = {
			isa = PBXGroup;
			children = (
				B535CF8F228014CB00B117AF /* MutedNotifications */,
				B535CF8E228014CB00B117AF /* Products */,
			);
			sourceTree = "<group>";
		};
		B535CF8E228014CB00B117AF /* Products */ = {
			isa = PBXGroup;
			children = (
				B535CF8D228014CB00B117AF /* MutedNotifications.app */,
			);
			name = Products;
			sourceTree = "<group>";
		};
		B535CF8F228014CB00B117AF /* MutedNotifications */ = {
			isa = PBXGroup;
			children = (
				B535CFA62280215800B117AF /* MutedNotifications.entitlements */,
				B535CF90228014CB00B117AF /* AppDelegate.swift */,
				B535CF92228014CB00B117AF /* ViewController.swift */,
				B535CFA222801B0E00B117AF /* AudioRecorder.swift */,
				B535CFA422801EB000B117AF /* Notifications.swift */,
				B535CF94228014CB00B117AF /* Main.storyboard */,
				B535CF97228014CD00B117AF /* Assets.xcassets */,
				B535CF99228014CD00B117AF /* LaunchScreen.storyboard */,
				B535CF9C228014CD00B117AF /* Info.plist */,
			);
			path = MutedNotifications;
			sourceTree = "<group>";
		};
/* End PBXGroup section */

/* Begin PBXNativeTarget section */
		B535CF8C228014CB00B117AF /* MutedNotifications */ = {
			isa = PBXNativeTarget;
			buildConfigurationList = B535CF9F228014CD00B117AF /* Build configuration list for PBXNativeTarget "MutedNotifications" */;
			buildPhases = (
				B535CF89228014CB00B117AF /* Sources */,
				B535CF8A228014CB00B117AF /* Frameworks */,
				B535CF8B228014CB00B117AF /* Resources */,
			);
			buildRules = (
			);
			dependencies = (
			);
			name = MutedNotifications;
			productName = MutedNotifications;
			productReference = B535CF8D228014CB00B117AF /* MutedNotifications.app */;
			productType = "com.apple.product-type.application";
		};
/* End PBXNativeTarget section */

/* Begin PBXProject section */
		B535CF85228014CB00B117AF /* Project object */ = {
			isa = PBXProject;
			attributes = {
				LastSwiftUpdateCheck = 1020;
				LastUpgradeCheck = 1020;
				ORGANIZATIONNAME = "Ben Rudhart";
				TargetAttributes = {
					B535CF8C228014CB00B117AF = {
						CreatedOnToolsVersion = 10.2.1;
						SystemCapabilities = {
							com.apple.BackgroundModes = {
								enabled = 1;
							};
							com.apple.Push = {
								enabled = 0;
							};
						};
					};
				};
			};
			buildConfigurationList = B535CF88228014CB00B117AF /* Build configuration list for PBXProject "MutedNotifications" */;
			compatibilityVersion = "Xcode 9.3";
			developmentRegion = en;
			hasScannedForEncodings = 0;
			knownRegions = (
				en,
				Base,
			);
			mainGroup = B535CF84228014CB00B117AF;
			productRefGroup = B535CF8E228014CB00B117AF /* Products */;
			projectDirPath = "";
			projectRoot = "";
			targets = (
				B535CF8C228014CB00B117AF /* MutedNotifications */,
			);
		};
/* End PBXProject section */

/* Begin PBXResourcesBuildPhase section */
		B535CF8B228014CB00B117AF /* Resources */ = {
			isa = PBXResourcesBuildPhase;
			buildActionMask = 2147483647;
			files = (
				B535CF9B228014CD00B117AF /* LaunchScreen.storyboard in Resources */,
				B535CF98228014CD00B117AF /* Assets.xcassets in Resources */,
				B535CF96228014CB00B117AF /* Main.storyboard in Resources */,
			);
			runOnlyForDeploymentPostprocessing = 0;
		};
/* End PBXResourcesBuildPhase section */

/* Begin PBXSourcesBuildPhase section */
		B535CF89228014CB00B117AF /* Sources */ = {
			isa = PBXSourcesBuildPhase;
			buildActionMask = 2147483647;
			files = (
				B535CFA522801EB000B117AF /* Notifications.swift in Sources */,
				B535CFA322801B0E00B117AF /* AudioRecorder.swift in Sources */,
				B535CF93228014CB00B117AF /* ViewController.swift in Sources */,
				B535CF91228014CB00B117AF /* AppDelegate.swift in Sources */,
			);
			runOnlyForDeploymentPostprocessing = 0;
		};
/* End PBXSourcesBuildPhase section */

/* Begin PBXVariantGroup section */
		B535CF94228014CB00B117AF /* Main.storyboard */ = {
			isa = PBXVariantGroup;
			children = (
				B535CF95228014CB00B117AF /* Base */,
			);
			name = Main.storyboard;
			sourceTree = "<group>";
		};
		B535CF99228014CD00B117AF /* LaunchScreen.storyboard */ = {
			isa = PBXVariantGroup;
			children = (
				B535CF9A228014CD00B117AF /* Base */,
			);
			name = LaunchScreen.storyboard;
			sourceTree = "<group>";
		};
/* End PBXVariantGroup section */

/* Begin XCBuildConfiguration section */
		B535CF9D228014CD00B117AF /* Debug */ = {
			isa = XCBuildConfiguration;
			buildSettings = {
				ALWAYS_SEARCH_USER_PATHS = NO;
				CLANG_ANALYZER_NONNULL = YES;
				CLANG_ANALYZER_NUMBER_OBJECT_CONVERSION = YES_AGGRESSIVE;
				CLANG_CXX_LANGUAGE_STANDARD = "gnu++14";
				CLANG_CXX_LIBRARY = "libc++";
				CLANG_ENABLE_MODULES = YES;
				CLANG_ENABLE_OBJC_ARC = YES;
				CLANG_ENABLE_OBJC_WEAK = YES;
				CLANG_WARN_BLOCK_CAPTURE_AUTORELEASING = YES;
				CLANG_WARN_BOOL_CONVERSION = YES;
				CLANG_WARN_COMMA = YES;
				CLANG_WARN_CONSTANT_CONVERSION = YES;
				CLANG_WARN_DEPRECATED_OBJC_IMPLEMENTATIONS = YES;
				CLANG_WARN_DIRECT_OBJC_ISA_USAGE = YES_ERROR;
				CLANG_WARN_DOCUMENTATION_COMMENTS = YES;
				CLANG_WARN_EMPTY_BODY = YES;
				CLANG_WARN_ENUM_CONVERSION = YES;
				CLANG_WARN_INFINITE_RECURSION = YES;
				CLANG_WARN_INT_CONVERSION = YES;
				CLANG_WARN_NON_LITERAL_NULL_CONVERSION = YES;
				CLANG_WARN_OBJC_IMPLICIT_RETAIN_SELF = YES;
				CLANG_WARN_OBJC_LITERAL_CONVERSION = YES;
				CLANG_WARN_OBJC_ROOT_CLASS = YES_ERROR;
				CLANG_WARN_RANGE_LOOP_ANALYSIS = YES;
				CLANG_WARN_STRICT_PROTOTYPES = YES;
				CLANG_WARN_SUSPICIOUS_MOVE = YES;
				CLANG_WARN_UNGUARDED_AVAILABILITY = YES_AGGRESSIVE;
				CLANG_WARN_UNREACHABLE_CODE = YES;
				CLANG_WARN__DUPLICATE_METHOD_MATCH = YES;
				CODE_SIGN_IDENTITY = "iPhone Developer";
				COPY_PHASE_STRIP = NO;
				DEBUG_INFORMATION_FORMAT = dwarf;
				ENABLE_STRICT_OBJC_MSGSEND = YES;
				ENABLE_TESTABILITY = YES;
				GCC_C_LANGUAGE_STANDARD = gnu11;
				GCC_DYNAMIC_NO_PIC = NO;
				GCC_NO_COMMON_BLOCKS = YES;
				GCC_OPTIMIZATION_LEVEL = 0;
				GCC_PREPROCESSOR_DEFINITIONS = (
					"DEBUG=1",
					"$(inherited)",
				);
				GCC_WARN_64_TO_32_BIT_CONVERSION = YES;
				GCC_WARN_ABOUT_RETURN_TYPE = YES_ERROR;
				GCC_WARN_UNDECLARED_SELECTOR = YES;
				GCC_WARN_UNINITIALIZED_AUTOS = YES_AGGRESSIVE;
				GCC_WARN_UNUSED_FUNCTION = YES;
				GCC_WARN_UNUSED_VARIABLE = YES;
				IPHONEOS_DEPLOYMENT_TARGET = 12.2;
				MTL_ENABLE_DEBUG_INFO = INCLUDE_SOURCE;
				MTL_FAST_MATH = YES;
				ONLY_ACTIVE_ARCH = YES;
				SDKROOT = iphoneos;
				SWIFT_ACTIVE_COMPILATION_CONDITIONS = DEBUG;
				SWIFT_OPTIMIZATION_LEVEL = "-Onone";
			};
			name = Debug;
		};
		B535CF9E228014CD00B117AF /* Release */ = {
			isa = XCBuildConfiguration;
			buildSettings = {
				ALWAYS_SEARCH_USER_PATHS = NO;
				CLANG_ANALYZER_NONNULL = YES;
				CLANG_ANALYZER_NUMBER_OBJECT_CONVERSION = YES_AGGRESSIVE;
				CLANG_CXX_LANGUAGE_STANDARD = "gnu++14";
				CLANG_CXX_LIBRARY = "libc++";
				CLANG_ENABLE_MODULES = YES;
				CLANG_ENABLE_OBJC_ARC = YES;
				CLANG_ENABLE_OBJC_WEAK = YES;
				CLANG_WARN_BLOCK_CAPTURE_AUTORELEASING = YES;
				CLANG_WARN_BOOL_CONVERSION = YES;
				CLANG_WARN_COMMA = YES;
				CLANG_WARN_CONSTANT_CONVERSION = YES;
				CLANG_WARN_DEPRECATED_OBJC_IMPLEMENTATIONS = YES;
				CLANG_WARN_DIRECT_OBJC_ISA_USAGE = YES_ERROR;
				CLANG_WARN_DOCUMENTATION_COMMENTS = YES;
				CLANG_WARN_EMPTY_BODY = YES;
				CLANG_WARN_ENUM_CONVERSION = YES;
				CLANG_WARN_INFINITE_RECURSION = YES;
				CLANG_WARN_INT_CONVERSION = YES;
				CLANG_WARN_NON_LITERAL_NULL_CONVERSION = YES;
				CLANG_WARN_OBJC_IMPLICIT_RETAIN_SELF = YES;
				CLANG_WARN_OBJC_LITERAL_CONVERSION = YES;
				CLANG_WARN_OBJC_ROOT_CLASS = YES_ERROR;
				CLANG_WARN_RANGE_LOOP_ANALYSIS = YES;
				CLANG_WARN_STRICT_PROTOTYPES = YES;
				CLANG_WARN_SUSPICIOUS_MOVE = YES;
				CLANG_WARN_UNGUARDED_AVAILABILITY = YES_AGGRESSIVE;
				CLANG_WARN_UNREACHABLE_CODE = YES;
				CLANG_WARN__DUPLICATE_METHOD_MATCH = YES;
				CODE_SIGN_IDENTITY = "iPhone Developer";
				COPY_PHASE_STRIP = NO;
				DEBUG_INFORMATION_FORMAT = "dwarf-with-dsym";
				ENABLE_NS_ASSERTIONS = NO;
				ENABLE_STRICT_OBJC_MSGSEND = YES;
				GCC_C_LANGUAGE_STANDARD = gnu11;
				GCC_NO_COMMON_BLOCKS = YES;
				GCC_WARN_64_TO_32_BIT_CONVERSION = YES;
				GCC_WARN_ABOUT_RETURN_TYPE = YES_ERROR;
				GCC_WARN_UNDECLARED_SELECTOR = YES;
				GCC_WARN_UNINITIALIZED_AUTOS = YES_AGGRESSIVE;
				GCC_WARN_UNUSED_FUNCTION = YES;
				GCC_WARN_UNUSED_VARIABLE = YES;
				IPHONEOS_DEPLOYMENT_TARGET = 12.2;
				MTL_ENABLE_DEBUG_INFO = NO;
				MTL_FAST_MATH = YES;
				SDKROOT = iphoneos;
				SWIFT_COMPILATION_MODE = wholemodule;
				SWIFT_OPTIMIZATION_LEVEL = "-O";
				VALIDATE_PRODUCT = YES;
			};
			name = Release;
		};
		B535CFA0228014CD00B117AF /* Debug */ = {
			isa = XCBuildConfiguration;
			buildSettings = {
				ASSETCATALOG_COMPILER_APPICON_NAME = AppIcon;
				CODE_SIGN_STYLE = Automatic;
				DEVELOPMENT_TEAM = ZRTM7GATT7;
				INFOPLIST_FILE = MutedNotifications/Info.plist;
				LD_RUNPATH_SEARCH_PATHS = (
					"$(inherited)",
					"@executable_path/Frameworks",
				);
				PRODUCT_BUNDLE_IDENTIFIER = com.benrudhart.MutedNotifications;
				PRODUCT_NAME = "$(TARGET_NAME)";
				SWIFT_VERSION = 5.0;
				TARGETED_DEVICE_FAMILY = "1,2";
			};
			name = Debug;
		};
		B535CFA1228014CD00B117AF /* Release */ = {
			isa = XCBuildConfiguration;
			buildSettings = {
				ASSETCATALOG_COMPILER_APPICON_NAME = AppIcon;
				CODE_SIGN_STYLE = Automatic;
				DEVELOPMENT_TEAM = ZRTM7GATT7;
				INFOPLIST_FILE = MutedNotifications/Info.plist;
				LD_RUNPATH_SEARCH_PATHS = (
					"$(inherited)",
					"@executable_path/Frameworks",
				);
				PRODUCT_BUNDLE_IDENTIFIER = com.benrudhart.MutedNotifications;
				PRODUCT_NAME = "$(TARGET_NAME)";
				SWIFT_VERSION = 5.0;
				TARGETED_DEVICE_FAMILY = "1,2";
			};
			name = Release;
		};
/* End XCBuildConfiguration section */

/* Begin XCConfigurationList section */
		B535CF88228014CB00B117AF /* Build configuration list for PBXProject "MutedNotifications" */ = {
			isa = XCConfigurationList;
			buildConfigurations = (
				B535CF9D228014CD00B117AF /* Debug */,
				B535CF9E228014CD00B117AF /* Release */,
			);
			defaultConfigurationIsVisible = 0;
			defaultConfigurationName = Release;
		};
		B535CF9F228014CD00B117AF /* Build configuration list for PBXNativeTarget "MutedNotifications" */ = {
			isa = XCConfigurationList;
			buildConfigurations = (
				B535CFA0228014CD00B117AF /* Debug */,
				B535CFA1228014CD00B117AF /* Release */,
			);
			defaultConfigurationIsVisible = 0;
			defaultConfigurationName = Release;
		};
/* End XCConfigurationList section */
	};
	rootObject = B535CF85228014CB00B117AF /* Project object */;
}
